
Microsoft Visual Studio Solution File, Format Version 12.00
# Visual Studio 2012
Project("{FAE04EC0-301F-11D3-BF4B-00C04F79EFBC}") = "LabNine_Student_Info_Arrays", "LabNine_Student_Info_Arrays\LabNine_Student_Info_Arrays.csproj", "{4682D3B8-7D97-4299-B9E8-323EFA3E9F47}"
EndProject
Global
	GlobalSection(SolutionConfigurationPlatforms) = preSolution
		Debug|Any CPU = Debug|Any CPU
		Release|Any CPU = Release|Any CPU
	EndGlobalSection
	GlobalSection(ProjectConfigurationPlatforms) = postSolution
		{4682D3B8-7D97-4299-B9E8-323EFA3E9F47}.Debug|Any CPU.ActiveCfg = Debug|Any CPU
		{4682D3B8-7D97-4299-B9E8-323EFA3E9F47}.Debug|Any CPU.Build.0 = Debug|Any CPU
		{4682D3B8-7D97-4299-B9E8-323EFA3E9F47}.Release|Any CPU.ActiveCfg = Release|Any CPU
		{4682D3B8-7D97-4299-B9E8-323EFA3E9F47}.Release|Any CPU.Build.0 = Release|Any CPU
	EndGlobalSection
EndGlobal
